
Microsoft Visual Studio Solution File, Format Version 12.00
# Visual Studio Express 2012 for Web
Project("{FAE04EC0-301F-11D3-BF4B-00C04F79EFBC}") = "HomeControl", "HomeControl\HomeControl.csproj", "{37AA828D-13C3-43F7-8628-CA1C28C51961}"
EndProject
Global
	GlobalSection(SolutionConfigurationPlatforms) = preSolution
		Debug|Any CPU = Debug|Any CPU
		Release|Any CPU = Release|Any CPU
	EndGlobalSection
	GlobalSection(ProjectConfigurationPlatforms) = postSolution
		{37AA828D-13C3-43F7-8628-CA1C28C51961}.Debug|Any CPU.ActiveCfg = Debug|Any CPU
		{37AA828D-13C3-43F7-8628-CA1C28C51961}.Debug|Any CPU.Build.0 = Debug|Any CPU
		{37AA828D-13C3-43F7-8628-CA1C28C51961}.Release|Any CPU.ActiveCfg = Release|Any CPU
		{37AA828D-13C3-43F7-8628-CA1C28C51961}.Release|Any CPU.Build.0 = Release|Any CPU
	EndGlobalSection
	GlobalSection(SolutionProperties) = preSolution
		HideSolutionNode = FALSE
	EndGlobalSection
EndGlobal
